
Microsoft Visual Studio Solution File, Format Version 12.00
# Visual Studio 15
VisualStudioVersion = 15.0.28307.572
MinimumVisualStudioVersion = 10.0.40219.1
Project("{FAE04EC0-301F-11D3-BF4B-00C04F79EFBC}") = "TasksForTests.Android", "TasksForTests\TasksForTests.Android\TasksForTests.Android.csproj", "{A2FD38E6-46A5-472A-A8DE-FC14D926F61E}"
EndProject
Project("{FAE04EC0-301F-11D3-BF4B-00C04F79EFBC}") = "TasksForTests.iOS", "TasksForTests\TasksForTests.iOS\TasksForTests.iOS.csproj", "{37A8235B-486A-4E53-9C98-90F18A3A6257}"
EndProject
Project("{FAE04EC0-301F-11D3-BF4B-00C04F79EFBC}") = "TasksForTests", "TasksForTests\TasksForTests\TasksForTests.csproj", "{4716CEB2-2244-4762-98EB-13638C60286A}"
EndProject
Global
	GlobalSection(SolutionConfigurationPlatforms) = preSolution
		Ad-Hoc|Any CPU = Ad-Hoc|Any CPU
		Ad-Hoc|iPhone = Ad-Hoc|iPhone
		Ad-Hoc|iPhoneSimulator = Ad-Hoc|iPhoneSimulator
		AppStore|Any CPU = AppStore|Any CPU
		AppStore|iPhone = AppStore|iPhone
		AppStore|iPhoneSimulator = AppStore|iPhoneSimulator
		Debug|Any CPU = Debug|Any CPU
		Debug|iPhone = Debug|iPhone
		Debug|iPhoneSimulator = Debug|iPhoneSimulator
		Release|Any CPU = Release|Any CPU
		Release|iPhone = Release|iPhone
		Release|iPhoneSimulator = Release|iPhoneSimulator
	EndGlobalSection
	GlobalSection(ProjectConfigurationPlatforms) = postSolution
		{A2FD38E6-46A5-472A-A8DE-FC14D926F61E}.Ad-Hoc|Any CPU.ActiveCfg = Release|Any CPU
		{A2FD38E6-46A5-472A-A8DE-FC14D926F61E}.Ad-Hoc|Any CPU.Build.0 = Release|Any CPU
		{A2FD38E6-46A5-472A-A8DE-FC14D926F61E}.Ad-Hoc|Any CPU.Deploy.0 = Release|Any CPU
		{A2FD38E6-46A5-472A-A8DE-FC14D926F61E}.Ad-Hoc|iPhone.ActiveCfg = Release|Any CPU
		{A2FD38E6-46A5-472A-A8DE-FC14D926F61E}.Ad-Hoc|iPhone.Build.0 = Release|Any CPU
		{A2FD38E6-46A5-472A-A8DE-FC14D926F61E}.Ad-Hoc|iPhone.Deploy.0 = Release|Any CPU
		{A2FD38E6-46A5-472A-A8DE-FC14D926F61E}.Ad-Hoc|iPhoneSimulator.ActiveCfg = Release|Any CPU
		{A2FD38E6-46A5-472A-A8DE-FC14D926F61E}.Ad-Hoc|iPhoneSimulator.Build.0 = Release|Any CPU
		{A2FD38E6-46A5-472A-A8DE-FC14D926F61E}.Ad-Hoc|iPhoneSimulator.Deploy.0 = Release|Any CPU
		{A2FD38E6-46A5-472A-A8DE-FC14D926F61E}.AppStore|Any CPU.ActiveCfg = Release|Any CPU
		{A2FD38E6-46A5-472A-A8DE-FC14D926F61E}.AppStore|Any CPU.Build.0 = Release|Any CPU
		{A2FD38E6-46A5-472A-A8DE-FC14D926F61E}.AppStore|Any CPU.Deploy.0 = Release|Any CPU
		{A2FD38E6-46A5-472A-A8DE-FC14D926F61E}.AppStore|iPhone.ActiveCfg = Release|Any CPU
		{A2FD38E6-46A5-472A-A8DE-FC14D926F61E}.AppStore|iPhone.Build.0 = Release|Any CPU
		{A2FD38E6-46A5-472A-A8DE-FC14D926F61E}.AppStore|iPhone.Deploy.0 = Release|Any CPU
		{A2FD38E6-46A5-472A-A8DE-FC14D926F61E}.AppStore|iPhoneSimulator.ActiveCfg = Release|Any CPU
		{A2FD38E6-46A5-472A-A8DE-FC14D926F61E}.AppStore|iPhoneSimulator.Build.0 = Release|Any CPU
		{A2FD38E6-46A5-472A-A8DE-FC14D926F61E}.AppStore|iPhoneSimulator.Deploy.0 = Release|Any CPU
		{A2FD38E6-46A5-472A-A8DE-FC14D926F61E}.Debug|Any CPU.ActiveCfg = Debug|Any CPU
		{A2FD38E6-46A5-472A-A8DE-FC14D926F61E}.Debug|Any CPU.Build.0 = Debug|Any CPU
		{A2FD38E6-46A5-472A-A8DE-FC14D926F61E}.Debug|Any CPU.Deploy.0 = Debug|Any CPU
		{A2FD38E6-46A5-472A-A8DE-FC14D926F61E}.Debug|iPhone.ActiveCfg = Debug|Any CPU
		{A2FD38E6-46A5-472A-A8DE-FC14D926F61E}.Debug|iPhone.Build.0 = Debug|Any CPU
		{A2FD38E6-46A5-472A-A8DE-FC14D926F61E}.Debug|iPhone.Deploy.0 = Debug|Any CPU
		{A2FD38E6-46A5-472A-A8DE-FC14D926F61E}.Debug|iPhoneSimulator.ActiveCfg = Debug|Any CPU
		{A2FD38E6-46A5-472A-A8DE-FC14D926F61E}.Debug|iPhoneSimulator.Build.0 = Debug|Any CPU
		{A2FD38E6-46A5-472A-A8DE-FC14D926F61E}.Debug|iPhoneSimulator.Deploy.0 = Debug|Any CPU
		{A2FD38E6-46A5-472A-A8DE-FC14D926F61E}.Release|Any CPU.ActiveCfg = Release|Any CPU
		{A2FD38E6-46A5-472A-A8DE-FC14D926F61E}.Release|Any CPU.Build.0 = Release|Any CPU
		{A2FD38E6-46A5-472A-A8DE-FC14D926F61E}.Release|Any CPU.Deploy.0 = Release|Any CPU
		{A2FD38E6-46A5-472A-A8DE-FC14D926F61E}.Release|iPhone.ActiveCfg = Release|Any CPU
		{A2FD38E6-46A5-472A-A8DE-FC14D926F61E}.Release|iPhone.Build.0 = Release|Any CPU
		{A2FD38E6-46A5-472A-A8DE-FC14D926F61E}.Release|iPhone.Deploy.0 = Release|Any CPU
		{A2FD38E6-46A5-472A-A8DE-FC14D926F61E}.Release|iPhoneSimulator.ActiveCfg = Release|Any CPU
		{A2FD38E6-46A5-472A-A8DE-FC14D926F61E}.Release|iPhoneSimulator.Build.0 = Release|Any CPU
		{A2FD38E6-46A5-472A-A8DE-FC14D926F61E}.Release|iPhoneSimulator.Deploy.0 = Release|Any CPU
		{37A8235B-486A-4E53-9C98-90F18A3A6257}.Ad-Hoc|Any CPU.ActiveCfg = Ad-Hoc|iPhone
		{37A8235B-486A-4E53-9C98-90F18A3A6257}.Ad-Hoc|Any CPU.Build.0 = Ad-Hoc|iPhone
		{37A8235B-486A-4E53-9C98-90F18A3A6257}.Ad-Hoc|Any CPU.Deploy.0 = Ad-Hoc|iPhone
		{37A8235B-486A-4E53-9C98-90F18A3A6257}.Ad-Hoc|iPhone.ActiveCfg = Ad-Hoc|iPhone
		{37A8235B-486A-4E53-9C98-90F18A3A6257}.Ad-Hoc|iPhone.Build.0 = Ad-Hoc|iPhone
		{37A8235B-486A-4E53-9C98-90F18A3A6257}.Ad-Hoc|iPhone.Deploy.0 = Ad-Hoc|iPhone
		{37A8235B-486A-4E53-9C98-90F18A3A6257}.Ad-Hoc|iPhoneSimulator.ActiveCfg = Ad-Hoc|iPhoneSimulator
		{37A8235B-486A-4E53-9C98-90F18A3A6257}.Ad-Hoc|iPhoneSimulator.Build.0 = Ad-Hoc|iPhoneSimulator
		{37A8235B-486A-4E53-9C98-90F18A3A6257}.Ad-Hoc|iPhoneSimulator.Deploy.0 = Ad-Hoc|iPhoneSimulator
		{37A8235B-486A-4E53-9C98-90F18A3A6257}.AppStore|Any CPU.ActiveCfg = AppStore|iPhone
		{37A8235B-486A-4E53-9C98-90F18A3A6257}.AppStore|Any CPU.Build.0 = AppStore|iPhone
		{37A8235B-486A-4E53-9C98-90F18A3A6257}.AppStore|Any CPU.Deploy.0 = AppStore|iPhone
		{37A8235B-486A-4E53-9C98-90F18A3A6257}.AppStore|iPhone.ActiveCfg = AppStore|iPhone
		{37A8235B-486A-4E53-9C98-90F18A3A6257}.AppStore|iPhone.Build.0 = AppStore|iPhone
		{37A8235B-486A-4E53-9C98-90F18A3A6257}.AppStore|iPhone.Deploy.0 = AppStore|iPhone
		{37A8235B-486A-4E53-9C98-90F18A3A6257}.AppStore|iPhoneSimulator.ActiveCfg = AppStore|iPhoneSimulator
		{37A8235B-486A-4E53-9C98-90F18A3A6257}.AppStore|iPhoneSimulator.Build.0 = AppStore|iPhoneSimulator
		{37A8235B-486A-4E53-9C98-90F18A3A6257}.AppStore|iPhoneSimulator.Deploy.0 = AppStore|iPhoneSimulator
		{37A8235B-486A-4E53-9C98-90F18A3A6257}.Debug|Any CPU.ActiveCfg = Debug|iPhoneSimulator
		{37A8235B-486A-4E53-9C98-90F18A3A6257}.Debug|Any CPU.Build.0 = Debug|iPhoneSimulator
		{37A8235B-486A-4E53-9C98-90F18A3A6257}.Debug|Any CPU.Deploy.0 = Debug|iPhoneSimulator
		{37A8235B-486A-4E53-9C98-90F18A3A6257}.Debug|iPhone.ActiveCfg = Debug|iPhone
		{37A8235B-486A-4E53-9C98-90F18A3A6257}.Debug|iPhone.Build.0 = Debug|iPhone
		{37A8235B-486A-4E53-9C98-90F18A3A6257}.Debug|iPhone.Deploy.0 = Debug|iPhone
		{37A8235B-486A-4E53-9C98-90F18A3A6257}.Debug|iPhoneSimulator.ActiveCfg = Debug|iPhoneSimulator
		{37A8235B-486A-4E53-9C98-90F18A3A6257}.Debug|iPhoneSimulator.Build.0 = Debug|iPhoneSimulator
		{37A8235B-486A-4E53-9C98-90F18A3A6257}.Debug|iPhoneSimulator.Deploy.0 = Debug|iPhoneSimulator
		{37A8235B-486A-4E53-9C98-90F18A3A6257}.Release|Any CPU.ActiveCfg = Release|iPhone
		{37A8235B-486A-4E53-9C98-90F18A3A6257}.Release|Any CPU.Build.0 = Release|iPhone
		{37A8235B-486A-4E53-9C98-90F18A3A6257}.Release|Any CPU.Deploy.0 = Release|iPhone
		{37A8235B-486A-4E53-9C98-90F18A3A6257}.Release|iPhone.ActiveCfg = Release|iPhone
		{37A8235B-486A-4E53-9C98-90F18A3A6257}.Release|iPhone.Build.0 = Release|iPhone
		{37A8235B-486A-4E53-9C98-90F18A3A6257}.Release|iPhone.Deploy.0 = Release|iPhone
		{37A8235B-486A-4E53-9C98-90F18A3A6257}.Release|iPhoneSimulator.ActiveCfg = Release|iPhoneSimulator
		{37A8235B-486A-4E53-9C98-90F18A3A6257}.Release|iPhoneSimulator.Build.0 = Release|iPhoneSimulator
		{37A8235B-486A-4E53-9C98-90F18A3A6257}.Release|iPhoneSimulator.Deploy.0 = Release|iPhoneSimulator
		{4716CEB2-2244-4762-98EB-13638C60286A}.Ad-Hoc|Any CPU.ActiveCfg = Debug|Any CPU
		{4716CEB2-2244-4762-98EB-13638C60286A}.Ad-Hoc|Any CPU.Build.0 = Debug|Any CPU
		{4716CEB2-2244-4762-98EB-13638C60286A}.Ad-Hoc|Any CPU.Deploy.0 = Debug|Any CPU
		{4716CEB2-2244-4762-98EB-13638C60286A}.Ad-Hoc|iPhone.ActiveCfg = Debug|Any CPU
		{4716CEB2-2244-4762-98EB-13638C60286A}.Ad-Hoc|iPhone.Build.0 = Debug|Any CPU
		{4716CEB2-2244-4762-98EB-13638C60286A}.Ad-Hoc|iPhone.Deploy.0 = Debug|Any CPU
		{4716CEB2-2244-4762-98EB-13638C60286A}.Ad-Hoc|iPhoneSimulator.ActiveCfg = Debug|Any CPU
		{4716CEB2-2244-4762-98EB-13638C60286A}.Ad-Hoc|iPhoneSimulator.Build.0 = Debug|Any CPU
		{4716CEB2-2244-4762-98EB-13638C60286A}.Ad-Hoc|iPhoneSimulator.Deploy.0 = Debug|Any CPU
		{4716CEB2-2244-4762-98EB-13638C60286A}.AppStore|Any CPU.ActiveCfg = Debug|Any CPU
		{4716CEB2-2244-4762-98EB-13638C60286A}.AppStore|Any CPU.Build.0 = Debug|Any CPU
		{4716CEB2-2244-4762-98EB-13638C60286A}.AppStore|Any CPU.Deploy.0 = Debug|Any CPU
		{4716CEB2-2244-4762-98EB-13638C60286A}.AppStore|iPhone.ActiveCfg = Debug|Any CPU
		{4716CEB2-2244-4762-98EB-13638C60286A}.AppStore|iPhone.Build.0 = Debug|Any CPU
		{4716CEB2-2244-4762-98EB-13638C60286A}.AppStore|iPhone.Deploy.0 = Debug|Any CPU
		{4716CEB2-2244-4762-98EB-13638C60286A}.AppStore|iPhoneSimulator.ActiveCfg = Debug|Any CPU
		{4716CEB2-2244-4762-98EB-13638C60286A}.AppStore|iPhoneSimulator.Build.0 = Debug|Any CPU
		{4716CEB2-2244-4762-98EB-13638C60286A}.AppStore|iPhoneSimulator.Deploy.0 = Debug|Any CPU
		{4716CEB2-2244-4762-98EB-13638C60286A}.Debug|Any CPU.ActiveCfg = Debug|Any CPU
		{4716CEB2-2244-4762-98EB-13638C60286A}.Debug|Any CPU.Build.0 = Debug|Any CPU
		{4716CEB2-2244-4762-98EB-13638C60286A}.Debug|Any CPU.Deploy.0 = Debug|Any CPU
		{4716CEB2-2244-4762-98EB-13638C60286A}.Debug|iPhone.ActiveCfg = Debug|Any CPU
		{4716CEB2-2244-4762-98EB-13638C60286A}.Debug|iPhone.Build.0 = Debug|Any CPU
		{4716CEB2-2244-4762-98EB-13638C60286A}.Debug|iPhone.Deploy.0 = Debug|Any CPU
		{4716CEB2-2244-4762-98EB-13638C60286A}.Debug|iPhoneSimulator.ActiveCfg = Debug|Any CPU
		{4716CEB2-2244-4762-98EB-13638C60286A}.Debug|iPhoneSimulator.Build.0 = Debug|Any CPU
		{4716CEB2-2244-4762-98EB-13638C60286A}.Debug|iPhoneSimulator.Deploy.0 = Debug|Any CPU
		{4716CEB2-2244-4762-98EB-13638C60286A}.Release|Any CPU.ActiveCfg = Release|Any CPU
		{4716CEB2-2244-4762-98EB-13638C60286A}.Release|Any CPU.Build.0 = Release|Any CPU
		{4716CEB2-2244-4762-98EB-13638C60286A}.Release|Any CPU.Deploy.0 = Release|Any CPU
		{4716CEB2-2244-4762-98EB-13638C60286A}.Release|iPhone.ActiveCfg = Release|Any CPU
		{4716CEB2-2244-4762-98EB-13638C60286A}.Release|iPhone.Build.0 = Release|Any CPU
		{4716CEB2-2244-4762-98EB-13638C60286A}.Release|iPhone.Deploy.0 = Release|Any CPU
		{4716CEB2-2244-4762-98EB-13638C60286A}.Release|iPhoneSimulator.ActiveCfg = Release|Any CPU
		{4716CEB2-2244-4762-98EB-13638C60286A}.Release|iPhoneSimulator.Build.0 = Release|Any CPU
		{4716CEB2-2244-4762-98EB-13638C60286A}.Release|iPhoneSimulator.Deploy.0 = Release|Any CPU
	EndGlobalSection
	GlobalSection(SolutionProperties) = preSolution
		HideSolutionNode = FALSE
	EndGlobalSection
	GlobalSection(ExtensibilityGlobals) = postSolution
		SolutionGuid = {EE850B6F-3422-43B5-87A2-26A09E40277A}
	EndGlobalSection
EndGlobal
